
Microsoft Visual Studio Solution File, Format Version 12.00
# Visual Studio Version 16
VisualStudioVersion = 16.0.30114.105
MinimumVisualStudioVersion = 10.0.40219.1
Project("{FAE04EC0-301F-11D3-BF4B-00C04F79EFBC}") = "Tester", "tester\Tester.csproj", "{0598A51A-812C-404E-ABB0-6C0ABD36D56F}"
EndProject
Project("{FAE04EC0-301F-11D3-BF4B-00C04F79EFBC}") = "Code", "code\Code.csproj", "{98380D74-26EF-4786-9128-0A317A5F1604}"
EndProject
Global
	GlobalSection(SolutionConfigurationPlatforms) = preSolution
		Debug|Any CPU = Debug|Any CPU
		Release|Any CPU = Release|Any CPU
	EndGlobalSection
	GlobalSection(SolutionProperties) = preSolution
		HideSolutionNode = FALSE
	EndGlobalSection
	GlobalSection(ProjectConfigurationPlatforms) = postSolution
		{0598A51A-812C-404E-ABB0-6C0ABD36D56F}.Debug|Any CPU.ActiveCfg = Debug|Any CPU
		{0598A51A-812C-404E-ABB0-6C0ABD36D56F}.Debug|Any CPU.Build.0 = Debug|Any CPU
		{0598A51A-812C-404E-ABB0-6C0ABD36D56F}.Release|Any CPU.ActiveCfg = Release|Any CPU
		{0598A51A-812C-404E-ABB0-6C0ABD36D56F}.Release|Any CPU.Build.0 = Release|Any CPU
		{98380D74-26EF-4786-9128-0A317A5F1604}.Debug|Any CPU.ActiveCfg = Debug|Any CPU
		{98380D74-26EF-4786-9128-0A317A5F1604}.Debug|Any CPU.Build.0 = Debug|Any CPU
		{98380D74-26EF-4786-9128-0A317A5F1604}.Release|Any CPU.ActiveCfg = Release|Any CPU
		{98380D74-26EF-4786-9128-0A317A5F1604}.Release|Any CPU.Build.0 = Release|Any CPU
	EndGlobalSection
EndGlobal
